
Microsoft Visual Studio Solution File, Format Version 12.00
# Visual Studio Version 17
VisualStudioVersion = 17.6.33815.320
MinimumVisualStudioVersion = 10.0.40219.1
Project("{FAE04EC0-301F-11D3-BF4B-00C04F79EFBC}") = "BlazorAppTodo.Server", "BlazorAppTodo\Server\BlazorAppTodo.Server.csproj", "{772152C4-3C2A-4053-B0C9-71F68F339956}"
EndProject
Project("{FAE04EC0-301F-11D3-BF4B-00C04F79EFBC}") = "BlazorAppTodo.Client", "BlazorAppTodo\Client\BlazorAppTodo.Client.csproj", "{15868CAB-65FF-4A04-AF7F-A49E761FA4C3}"
EndProject
Project("{FAE04EC0-301F-11D3-BF4B-00C04F79EFBC}") = "BlazorAppTodo.Shared", "BlazorAppTodo\Shared\BlazorAppTodo.Shared.csproj", "{BEBDF81D-4DA3-420D-870E-FE0DA4B13B43}"
EndProject
Global
	GlobalSection(SolutionConfigurationPlatforms) = preSolution
		Debug|Any CPU = Debug|Any CPU
		Release|Any CPU = Release|Any CPU
	EndGlobalSection
	GlobalSection(ProjectConfigurationPlatforms) = postSolution
		{772152C4-3C2A-4053-B0C9-71F68F339956}.Debug|Any CPU.ActiveCfg = Debug|Any CPU
		{772152C4-3C2A-4053-B0C9-71F68F339956}.Debug|Any CPU.Build.0 = Debug|Any CPU
		{772152C4-3C2A-4053-B0C9-71F68F339956}.Release|Any CPU.ActiveCfg = Release|Any CPU
		{772152C4-3C2A-4053-B0C9-71F68F339956}.Release|Any CPU.Build.0 = Release|Any CPU
		{15868CAB-65FF-4A04-AF7F-A49E761FA4C3}.Debug|Any CPU.ActiveCfg = Debug|Any CPU
		{15868CAB-65FF-4A04-AF7F-A49E761FA4C3}.Debug|Any CPU.Build.0 = Debug|Any CPU
		{15868CAB-65FF-4A04-AF7F-A49E761FA4C3}.Release|Any CPU.ActiveCfg = Release|Any CPU
		{15868CAB-65FF-4A04-AF7F-A49E761FA4C3}.Release|Any CPU.Build.0 = Release|Any CPU
		{BEBDF81D-4DA3-420D-870E-FE0DA4B13B43}.Debug|Any CPU.ActiveCfg = Debug|Any CPU
		{BEBDF81D-4DA3-420D-870E-FE0DA4B13B43}.Debug|Any CPU.Build.0 = Debug|Any CPU
		{BEBDF81D-4DA3-420D-870E-FE0DA4B13B43}.Release|Any CPU.ActiveCfg = Release|Any CPU
		{BEBDF81D-4DA3-420D-870E-FE0DA4B13B43}.Release|Any CPU.Build.0 = Release|Any CPU
	EndGlobalSection
	GlobalSection(SolutionProperties) = preSolution
		HideSolutionNode = FALSE
	EndGlobalSection
	GlobalSection(ExtensibilityGlobals) = postSolution
		SolutionGuid = {EA05D8F3-C46E-48D2-A2B2-1C148AD9C9CA}
	EndGlobalSection
EndGlobal
